<?xml version="1.0" encoding="utf-8"?>
<Project ToolsVersion="12.0" xmlns="http://schemas.microsoft.com/developer/msbuild/2003">
  <ItemGroup>
    <ClInclude Include="..\Common\ABI.h" />
    <ClInclude Include="..\Common\ArmEmitter.h" />
    <ClInclude Include="..\Common\Atomics.h" />
    <ClInclude Include="..\Common\Atomic_GCC.h" />
    <ClInclude Include="..\Common\Atomic_Win32.h" />
    <ClInclude Include="..\Common\ChunkFile.h" />
    <ClInclude Include="..\Common\Common.h" />
    <ClInclude Include="..\Common\CommonFuncs.h" />
    <ClInclude Include="..\Common\CommonTypes.h" />
    <ClInclude Include="..\Common\CommonWindows.h" />
    <ClInclude Include="..\Common\ConsoleListener.h" />
    <ClInclude Include="..\Common\CPUDetect.h" />
    <ClInclude Include="..\Common\Crypto\md5.h" />
    <ClInclude Include="..\Common\Crypto\sha1.h" />
    <ClInclude Include="..\Common\FileUtil.h" />
    <ClInclude Include="..\Common\FixedSizeQueue.h" />
    <ClInclude Include="..\Common\KeyMap.h" />
    <ClInclude Include="..\Common\Log.h" />
    <ClInclude Include="..\Common\LogManager.h" />
    <ClInclude Include="..\Common\MemArena.h" />
    <ClInclude Include="..\Common\MemoryUtil.h" />
    <ClInclude Include="..\Common\MsgHandler.h" />
    <ClInclude Include="..\Common\ppcEmitter.h" />
    <ClInclude Include="..\Common\stdafx.h" />
    <ClInclude Include="..\Common\StdMutex.h" />
    <ClInclude Include="..\Common\StringUtils.h" />
    <ClInclude Include="..\Common\Swap.h" />
    <ClInclude Include="..\Common\ThreadPools.h" />
    <ClInclude Include="..\Common\Thunk.h" />
    <ClInclude Include="..\Common\Timer.h" />
    <ClInclude Include="..\Common\x64Analyzer.h" />
    <ClInclude Include="..\Common\x64Emitter.h" />
  </ItemGroup>
  <ItemGroup>
    <ClCompile Include="..\Common\ABI.cpp" />
    <ClCompile Include="..\Common\ArmCPUDetect.cpp" />
    <ClCompile Include="..\Common\ArmEmitter.cpp" />
    <ClCompile Include="..\Common\ArmThunk.cpp" />
    <ClCompile Include="..\Common\ChunkFile.cpp" />
    <ClCompile Include="..\Common\ConsoleListener.cpp" />
    <ClCompile Include="..\Common\CPUDetect.cpp" />
    <ClCompile Include="..\Common\Crypto\md5.cpp" />
    <ClCompile Include="..\Common\Crypto\sha1.cpp" />
    <ClCompile Include="..\Common\FileUtil.cpp" />
    <ClCompile Include="..\Common\KeyMap.cpp" />
    <ClCompile Include="..\Common\LogManager.cpp" />
    <ClCompile Include="..\Common\MemArena.cpp" />
    <ClCompile Include="..\Common\MemoryUtil.cpp" />
    <ClCompile Include="..\Common\Misc.cpp" />
    <ClCompile Include="..\Common\MsgHandler.cpp" />
    <ClCompile Include="..\Common\ppcEmitter.cpp" />
    <ClCompile Include="..\Common\stdafx.cpp" />
    <ClCompile Include="..\Common\StringUtils.cpp" />
    <ClCompile Include="..\Common\ThreadPools.cpp" />
    <ClCompile Include="..\Common\Thunk.cpp" />
    <ClCompile Include="..\Common\Timer.cpp" />
    <ClCompile Include="..\Common\x64Analyzer.cpp" />
    <ClCompile Include="..\Common\x64Emitter.cpp" />
  </ItemGroup>
  <ItemGroup>
    <None Include="CMakeLists.txt" />
  </ItemGroup>
  <ItemGroup>
    <Filter Include="Crypto">
      <UniqueIdentifier>{1b593f03-7b28-4707-9228-4981796f5589}</UniqueIdentifier>
    </Filter>
  </ItemGroup>
</Project>