<?xml version="1.0" encoding="utf-8"?>
<Project ToolsVersion="12.0" xmlns="http://schemas.microsoft.com/developer/msbuild/2003">
  <ItemGroup>
    <Filter Include="GLES">
      <UniqueIdentifier>{f7563dba-8146-4c21-a092-e864ff145d79}</UniqueIdentifier>
    </Filter>
    <Filter Include="Software">
      <UniqueIdentifier>{4f6d1284-2c23-4ebc-842c-666a1305bfed}</UniqueIdentifier>
    </Filter>
    <Filter Include="Common">
      <UniqueIdentifier>{21783292-4dd7-447b-af93-356cd2eaa4d6}</UniqueIdentifier>
    </Filter>
    <Filter Include="Null">
      <UniqueIdentifier>{b31aa5a1-da08-47e6-9467-ab1d547b6ff3}</UniqueIdentifier>
    </Filter>
    <Filter Include="DirectX9">
      <UniqueIdentifier>{88629970-4774-4122-b031-2128244b795c}</UniqueIdentifier>
    </Filter>
    <Filter Include="DirectX9\helper">
      <UniqueIdentifier>{ba434472-5d5e-4b08-ab16-bfb7ec8e7068}</UniqueIdentifier>
    </Filter>
    <Filter Include="Debugger">
      <UniqueIdentifier>{0cbddc00-4aa3-41d0-bed2-a454d37f838e}</UniqueIdentifier>
    </Filter>
  </ItemGroup>
  <ItemGroup>
    <ClInclude Include="..\..\ext\xbrz\xbrz.h" />
    <ClInclude Include="..\..\Common\DepalettizeShaderCommon.h" />
    <ClInclude Include="..\..\Common\DrawEngineCommon.h" />
    <ClInclude Include="..\..\Common\FramebufferCommon.h" />
    <ClInclude Include="..\..\Common\GPUDebugInterface.h" />
    <ClInclude Include="..\..\Common\IndexGenerator.h" />
    <ClInclude Include="..\..\Common\PostShader.h" />
    <ClInclude Include="..\..\Common\SoftwareTransformCommon.h" />
    <ClInclude Include="..\..\Common\SplineCommon.h" />
    <ClInclude Include="..\..\Common\TextureDecoderNEON.h" />
    <ClInclude Include="..\..\Common\TextureCacheCommon.h" />
    <ClInclude Include="..\..\Common\TextureScalerCommon.h" />
    <ClInclude Include="..\..\Common\TransformCommon.h" />
    <ClInclude Include="..\..\Common\VertexDecoderCommon.h" />
    <ClInclude Include="..\..\Debugger\Breakpoints.h" />
    <ClInclude Include="..\..\Debugger\Stepping.h" />
    <ClInclude Include="..\..\Directx9\DepalettizeShaderDX9.h" />
    <ClInclude Include="..\..\Directx9\GPU_DX9.h" />
    <ClInclude Include="..\..\Directx9\helper\dx_state.h" />
    <ClInclude Include="..\..\Directx9\helper\fbo.h" />
    <ClInclude Include="..\..\Directx9\helper\global.h" />
    <ClInclude Include="..\..\Directx9\PixelShaderGeneratorDX9.h" />
    <ClInclude Include="..\..\Directx9\FramebufferDX9.h" />
    <ClInclude Include="..\..\Directx9\ShaderManagerDX9.h" />
    <ClInclude Include="..\..\Directx9\StateMappingDX9.h" />
    <ClInclude Include="..\..\Directx9\TextureCacheDX9.h" />
    <ClInclude Include="..\..\Directx9\TextureScalerDX9.h" />
    <ClInclude Include="..\..\Directx9\TransformPipelineDX9.h" />
    <ClInclude Include="..\..\Directx9\VertexShaderGeneratorDX9.h" />
    <ClInclude Include="..\..\ge_constants.h" />
    <ClInclude Include="..\..\GeDisasm.h" />
    <ClInclude Include="..\..\GLES\DepalettizeShader.h" />
    <ClInclude Include="..\..\GLES\FragmentShaderGenerator.h" />
    <ClInclude Include="..\..\GLES\FragmentTestCache.h" />
    <ClInclude Include="..\..\GLES\Framebuffer.h" />
    <ClInclude Include="..\..\GLES\GLES_GPU.h" />
    <ClInclude Include="..\..\GLES\ShaderManager.h" />
    <ClInclude Include="..\..\GLES\StateMapping.h" />
    <ClInclude Include="..\..\GLES\TextureCache.h" />
    <ClInclude Include="..\..\GLES\TextureScaler.h" />
    <ClInclude Include="..\..\GLES\TransformPipeline.h" />
    <ClInclude Include="..\..\GLES\VertexShaderGenerator.h" />
    <ClInclude Include="..\..\GPUCommon.h" />
    <ClInclude Include="..\..\GPUInterface.h" />
    <ClInclude Include="..\..\GPUState.h" />
    <ClInclude Include="..\..\Math3D.h" />
    <ClInclude Include="..\..\Null\NullGpu.h" />
    <ClInclude Include="..\..\Software\Clipper.h" />
    <ClInclude Include="..\..\Software\Lighting.h" />
    <ClInclude Include="..\..\Software\Rasterizer.h" />
    <ClInclude Include="..\..\Software\SoftGpu.h" />
    <ClInclude Include="..\..\Software\TransformUnit.h" />
    <ClInclude Include="..\..\Common\TextureDecoder.h" />
  </ItemGroup>
  <ItemGroup>
    <ClCompile Include="..\..\ext\xbrz\xbrz.cpp" />
    <ClCompile Include="..\..\GPU\Common\DepalettizeShaderCommon.cpp" />
    <ClCompile Include="..\..\GPU\Common\DrawEngineCommon.cpp" />
    <ClCompile Include="..\..\GPU\Common\FramebufferCommon.cpp" />
    <ClCompile Include="..\..\GPU\Common\IndexGenerator.cpp" />
    <ClCompile Include="..\..\GPU\Common\PostShader.cpp" />
    <ClCompile Include="..\..\GPU\Common\SplineCommon.cpp" />
    <ClCompile Include="..\..\GPU\Common\TextureDecoderNEON.cpp" />
    <ClCompile Include="..\..\GPU\Common\TextureCacheCommon.cpp" />
    <ClCompile Include="..\..\GPU\Common\TextureScalerCommon.cpp" />
    <ClCompile Include="..\..\GPU\Common\TransformCommon.cpp" />
    <ClCompile Include="..\..\GPU\Common\SoftwareTransformCommon.cpp" />
    <ClCompile Include="..\..\GPU\Common\VertexDecoderArm.cpp" />
    <ClCompile Include="..\..\GPU\Common\VertexDecoderArm64.cpp" />
    <ClCompile Include="..\..\GPU\Common\VertexDecoderCommon.cpp" />
    <ClCompile Include="..\..\GPU\Common\VertexDecoderX86.cpp" />
    <ClCompile Include="..\..\GPU\Debugger\Breakpoints.cpp" />
    <ClCompile Include="..\..\GPU\Debugger\Stepping.cpp" />
    <ClCompile Include="..\..\GPU\Directx9\DepalettizeShaderDX9.cpp" />
    <ClCompile Include="..\..\GPU\Directx9\GPU_DX9.cpp" />
    <ClCompile Include="..\..\GPU\Directx9\helper\dx_state.cpp" />
    <ClCompile Include="..\..\GPU\Directx9\helper\fbo.cpp" />
    <ClCompile Include="..\..\GPU\Directx9\helper\global.cpp" />
    <ClCompile Include="..\..\GPU\Directx9\PixelShaderGeneratorDX9.cpp" />
    <ClCompile Include="..\..\GPU\Directx9\FramebufferDX9.cpp" />
    <ClCompile Include="..\..\GPU\Directx9\ShaderManagerDX9.cpp" />
    <ClCompile Include="..\..\GPU\Directx9\StateMappingDX9.cpp" />
    <ClCompile Include="..\..\GPU\Directx9\StencilBufferDX9.cpp" />
    <ClCompile Include="..\..\GPU\Directx9\TextureCacheDX9.cpp" />
    <ClCompile Include="..\..\GPU\Directx9\TextureScalerDX9.cpp" />
    <ClCompile Include="..\..\GPU\Directx9\TransformPipelineDX9.cpp" />
    <ClCompile Include="..\..\GPU\Directx9\VertexShaderGeneratorDX9.cpp" />
    <ClCompile Include="..\..\GPU\GeDisasm.cpp" />
    <ClCompile Include="..\..\GPU\GLES\DepalettizeShader.cpp" />
    <ClCompile Include="..\..\GPU\GLES\FragmentShaderGenerator.cpp" />
    <ClCompile Include="..\..\GPU\GLES\FragmentTestCache.cpp" />
    <ClCompile Include="..\..\GPU\GLES\Framebuffer.cpp" />
    <ClCompile Include="..\..\GPU\GLES\GLES_GPU.cpp" />
    <ClCompile Include="..\..\GPU\GLES\ShaderManager.cpp" />
    <ClCompile Include="..\..\GPU\GLES\StateMapping.cpp" />
    <ClCompile Include="..\..\GPU\GLES\StencilBuffer.cpp" />
    <ClCompile Include="..\..\GPU\GLES\TextureCache.cpp" />
    <ClCompile Include="..\..\GPU\GLES\TextureScaler.cpp" />
    <ClCompile Include="..\..\GPU\GLES\TransformPipeline.cpp" />
    <ClCompile Include="..\..\GPU\GLES\VertexShaderGenerator.cpp" />
    <ClCompile Include="..\..\GPU\GPUCommon.cpp" />
    <ClCompile Include="..\..\GPU\GPUState.cpp" />
    <ClCompile Include="..\..\GPU\Math3D.cpp" />
    <ClCompile Include="..\..\GPU\Null\NullGpu.cpp" />
    <ClCompile Include="..\..\GPU\Software\Clipper.cpp" />
    <ClCompile Include="..\..\GPU\Software\Lighting.cpp" />
    <ClCompile Include="..\..\GPU\Software\Rasterizer.cpp" />
    <ClCompile Include="..\..\GPU\Software\SoftGpu.cpp" />
    <ClCompile Include="..\..\GPU\Software\TransformUnit.cpp" />
    <ClCompile Include="..\..\GPU\Common\TextureDecoder.cpp" />
  </ItemGroup>
  <ItemGroup>
    <None Include="CMakeLists.txt" />
  </ItemGroup>
</Project>